
Microsoft Visual Studio Solution File, Format Version 12.00
# Visual Studio Version 17
VisualStudioVersion = 17.2.32516.85
MinimumVisualStudioVersion = 10.0.40219.1
Project("{FAE04EC0-301F-11D3-BF4B-00C04F79EFBC}") = "DesafioIMC", "DesafioIMC\DesafioIMC.csproj", "{AB24F9E8-270A-4EE8-A8AC-3366312E7C93}"
EndProject
Global
	GlobalSection(SolutionConfigurationPlatforms) = preSolution
		Debug|Any CPU = Debug|Any CPU
		Release|Any CPU = Release|Any CPU
	EndGlobalSection
	GlobalSection(ProjectConfigurationPlatforms) = postSolution
		{AB24F9E8-270A-4EE8-A8AC-3366312E7C93}.Debug|Any CPU.ActiveCfg = Debug|Any CPU
		{AB24F9E8-270A-4EE8-A8AC-3366312E7C93}.Debug|Any CPU.Build.0 = Debug|Any CPU
		{AB24F9E8-270A-4EE8-A8AC-3366312E7C93}.Release|Any CPU.ActiveCfg = Release|Any CPU
		{AB24F9E8-270A-4EE8-A8AC-3366312E7C93}.Release|Any CPU.Build.0 = Release|Any CPU
	EndGlobalSection
	GlobalSection(SolutionProperties) = preSolution
		HideSolutionNode = FALSE
	EndGlobalSection
	GlobalSection(ExtensibilityGlobals) = postSolution
		SolutionGuid = {48118ED8-1A21-46E4-B780-78BD5ACC0D58}
	EndGlobalSection
EndGlobal
